Microsoft Visual Studio Solution File, Format Version 10.00
# Visual Studio 2008

Project("{9A7883E8-9275-2C18-BD90-69290E5F3CBF}") = "Cubes-in-Space", "Cubes-in-Space.csproj", "{F61BD879-3C33-9351-AFE7-7999A9BAE801}"
EndProject
Global
	GlobalSection(SolutionConfigurationPlatforms) = preSolution
		Debug|Any CPU = Debug|Any CPU
		Release|Any CPU = Release|Any CPU
	EndGlobalSection
	GlobalSection(ProjectConfigurationPlatforms) = postSolution
		{F61BD879-3C33-9351-AFE7-7999A9BAE801}.Debug|Any CPU.ActiveCfg = Debug|Any CPU
		{F61BD879-3C33-9351-AFE7-7999A9BAE801}.Debug|Any CPU.Build.0 = Debug|Any CPU
		{F61BD879-3C33-9351-AFE7-7999A9BAE801}.Release|Any CPU.ActiveCfg = Release|Any CPU
		{F61BD879-3C33-9351-AFE7-7999A9BAE801}.Release|Any CPU.Build.0 = Release|Any CPU
	EndGlobalSection
	GlobalSection(SolutionProperties) = preSolution
		HideSolutionNode = FALSE
	EndGlobalSection
	
EndGlobal
