Microsoft Visual Studio Solution File, Format Version 11.00
# Visual Studio 2008

Project("{9A7883E8-9275-2C18-BD90-69290E5F3CBF}") = "Cubes-in-Space", "Assembly-CSharp-firstpass-vs.csproj", "{834C4B6E-920C-6E8E-435F-E70C33558AD8}"
EndProject
Project("{9A7883E8-9275-2C18-BD90-69290E5F3CBF}") = "Cubes-in-Space", "Assembly-CSharp-vs.csproj", "{27B5F53F-6DD7-3F43-09ED-EC5236E5C8E9}"
EndProject
Global
	GlobalSection(SolutionConfigurationPlatforms) = preSolution
		Debug|Any CPU = Debug|Any CPU
		Release|Any CPU = Release|Any CPU
	EndGlobalSection
	GlobalSection(ProjectConfigurationPlatforms) = postSolution
		{834C4B6E-920C-6E8E-435F-E70C33558AD8}.Debug|Any CPU.ActiveCfg = Debug|Any CPU
		{834C4B6E-920C-6E8E-435F-E70C33558AD8}.Debug|Any CPU.Build.0 = Debug|Any CPU
		{834C4B6E-920C-6E8E-435F-E70C33558AD8}.Release|Any CPU.ActiveCfg = Release|Any CPU
		{834C4B6E-920C-6E8E-435F-E70C33558AD8}.Release|Any CPU.Build.0 = Release|Any CPU
		{27B5F53F-6DD7-3F43-09ED-EC5236E5C8E9}.Debug|Any CPU.ActiveCfg = Debug|Any CPU
		{27B5F53F-6DD7-3F43-09ED-EC5236E5C8E9}.Debug|Any CPU.Build.0 = Debug|Any CPU
		{27B5F53F-6DD7-3F43-09ED-EC5236E5C8E9}.Release|Any CPU.ActiveCfg = Release|Any CPU
		{27B5F53F-6DD7-3F43-09ED-EC5236E5C8E9}.Release|Any CPU.Build.0 = Release|Any CPU
	EndGlobalSection
	GlobalSection(SolutionProperties) = preSolution
		HideSolutionNode = FALSE
	EndGlobalSection
																																																					GlobalSection(MonoDevelopProperties) = preSolution
		StartupItem = Assembly-CSharp.csproj
		Policies = $0
		$0.TextStylePolicy = $1
		$1.inheritsSet = null
		$1.scope = text/x-csharp
		$0.CSharpFormattingPolicy = $2
		$2.inheritsSet = Mono
		$2.inheritsScope = text/x-csharp
		$2.scope = text/x-csharp
		$0.TextStylePolicy = $3
		$3.FileWidth = 120
		$3.TabWidth = 4
		$3.EolMarker = Unix
		$3.inheritsSet = Mono
		$3.inheritsScope = text/plain
		$3.scope = text/plain
	EndGlobalSection

EndGlobal
